
Microsoft Visual Studio Solution File, Format Version 12.00
# Visual Studio 2013
VisualStudioVersion = 12.0.30324.0
MinimumVisualStudioVersion = 10.0.40219.1
Project("{FAE04EC0-301F-11D3-BF4B-00C04F79EFBC}") = "Marker.WPF", "Marker.WPF\Marker.WPF.csproj", "{8628D2A7-F4A6-4245-B09F-29CFCFFE6029}"
EndProject
Project("{FAE04EC0-301F-11D3-BF4B-00C04F79EFBC}") = "Converters.Markdown", "Converters.Markdown\Converters.Markdown.csproj", "{DD7C0513-7BA5-4B1F-8EC9-18D092FD8708}"
EndProject
Global
	GlobalSection(SolutionConfigurationPlatforms) = preSolution
		Debug|Any CPU = Debug|Any CPU
		Release|Any CPU = Release|Any CPU
	EndGlobalSection
	GlobalSection(ProjectConfigurationPlatforms) = postSolution
		{8628D2A7-F4A6-4245-B09F-29CFCFFE6029}.Debug|Any CPU.ActiveCfg = Debug|Any CPU
		{8628D2A7-F4A6-4245-B09F-29CFCFFE6029}.Debug|Any CPU.Build.0 = Debug|Any CPU
		{8628D2A7-F4A6-4245-B09F-29CFCFFE6029}.Release|Any CPU.ActiveCfg = Release|Any CPU
		{8628D2A7-F4A6-4245-B09F-29CFCFFE6029}.Release|Any CPU.Build.0 = Release|Any CPU
		{DD7C0513-7BA5-4B1F-8EC9-18D092FD8708}.Debug|Any CPU.ActiveCfg = Debug|Any CPU
		{DD7C0513-7BA5-4B1F-8EC9-18D092FD8708}.Debug|Any CPU.Build.0 = Debug|Any CPU
		{DD7C0513-7BA5-4B1F-8EC9-18D092FD8708}.Release|Any CPU.ActiveCfg = Release|Any CPU
		{DD7C0513-7BA5-4B1F-8EC9-18D092FD8708}.Release|Any CPU.Build.0 = Release|Any CPU
	EndGlobalSection
	GlobalSection(SolutionProperties) = preSolution
		HideSolutionNode = FALSE
	EndGlobalSection
EndGlobal
